<?xml version="1.0" encoding="utf-8"?>
<Project ToolsVersion="4.0" xmlns="http://schemas.microsoft.com/developer/msbuild/2003">
  <ItemGroup>
    <ClInclude Include="Photon.h" />
    <ClInclude Include="PhotonTracer.h" />
    <ClInclude Include="PhotonCloudScene.h" />
    <ClInclude Include="PhotonCloudPresenter.h" />
    <ClInclude Include="PhotonTransporter.h">
      <Filter>MovingPhoton</Filter>
    </ClInclude>
    <ClInclude Include="PBVRenderer.h">
      <Filter>PBVR</Filter>
    </ClInclude>
    <ClInclude Include="PBVRShaderScene.h">
      <Filter>PBVR</Filter>
    </ClInclude>
    <ClInclude Include="ImprovedPerlinNoise.h">
      <Filter>Noise</Filter>
    </ClInclude>
  </ItemGroup>
  <ItemGroup>
    <ClCompile Include="PhotonTracer.cpp" />
    <ClCompile Include="PhotonCloudScene.cpp" />
    <ClCompile Include="PhotonCloudPresenter.cpp" />
    <ClCompile Include="Photon.cpp" />
    <ClCompile Include="PhotonTransporter.cpp">
      <Filter>MovingPhoton</Filter>
    </ClCompile>
    <ClCompile Include="PBVRenderer.cpp">
      <Filter>PBVR</Filter>
    </ClCompile>
    <ClCompile Include="PBVRShaderScene.cpp">
      <Filter>PBVR</Filter>
    </ClCompile>
    <ClCompile Include="ImprovedPerlinNoise.cpp">
      <Filter>Noise</Filter>
    </ClCompile>
  </ItemGroup>
  <ItemGroup>
    <Filter Include="MovingPhoton">
      <UniqueIdentifier>{2fc245e9-5cb5-405a-b0f7-86890ff9a7b0}</UniqueIdentifier>
    </Filter>
    <Filter Include="PBVR">
      <UniqueIdentifier>{05d83d6d-dd91-4f0b-8457-6a0a431cc9d6}</UniqueIdentifier>
    </Filter>
    <Filter Include="Noise">
      <UniqueIdentifier>{928a06da-b444-4eda-9afa-a418ecde886c}</UniqueIdentifier>
    </Filter>
  </ItemGroup>
</Project>