
Microsoft Visual Studio Solution File, Format Version 12.00
# Visual Studio Version 16
VisualStudioVersion = 16.0.29306.81
MinimumVisualStudioVersion = 10.0.40219.1
Project("{8BC9CEB8-8B4A-11D0-8D11-00A0C91BC942}") = "Math", "..\CGLib\Crystal\Math\Math.vcxproj", "{EF054C93-201B-4807-9285-CABC9C68978A}"
EndProject
Project("{8BC9CEB8-8B4A-11D0-8D11-00A0C91BC942}") = "Graphics", "..\CGLib\Crystal\Graphics\Graphics.vcxproj", "{227E5411-92CB-4E30-A67B-043D8B04A9BC}"
EndProject
Project("{8BC9CEB8-8B4A-11D0-8D11-00A0C91BC942}") = "Shader", "..\CGLib\Crystal\Shader\Shader.vcxproj", "{33BDCAB8-A30C-44B1-A93F-1AD3E15461AD}"
EndProject
Project("{8BC9CEB8-8B4A-11D0-8D11-00A0C91BC942}") = "IO", "..\CGLib\Crystal\IO\IO.vcxproj", "{198160CC-5ED1-499D-AD45-90DBAC4852F8}"
	ProjectSection(ProjectDependencies) = postProject
		{227E5411-92CB-4E30-A67B-043D8B04A9BC} = {227E5411-92CB-4E30-A67B-043D8B04A9BC}
	EndProjectSection
EndProject
Project("{2150E333-8FDC-42A3-9474-1A3956D46DE8}") = "Crystal", "Crystal", "{B4537626-CA8F-448A-98CC-0F0FCD392AAD}"
EndProject
Project("{8BC9CEB8-8B4A-11D0-8D11-00A0C91BC942}") = "Scene", "..\CGLib\CrystalScene\Scene\Scene.vcxproj", "{59C5EA30-1E57-417C-9416-17B592E8724E}"
EndProject
Project("{8BC9CEB8-8B4A-11D0-8D11-00A0C91BC942}") = "Command", "..\CGLib\CrystalScene\Command\Command.vcxproj", "{5A0D1CB7-6BE7-41A2-B061-431750E47BE0}"
EndProject
Project("{8BC9CEB8-8B4A-11D0-8D11-00A0C91BC942}") = "Shape", "..\CGLib\Crystal\Shape\Shape.vcxproj", "{ED61B745-9F00-48C2-B309-F1DBB37F03E3}"
EndProject
Project("{8BC9CEB8-8B4A-11D0-8D11-00A0C91BC942}") = "CrystalPhysics", "..\CGLib\CrystalPhysics\CrystalPhysics\CrystalPhysics.vcxproj", "{4C0EFD78-680E-45C9-9828-9B674EE70DF0}"
EndProject
Project("{8BC9CEB8-8B4A-11D0-8D11-00A0C91BC942}") = "CrystalPhysicsCommand", "..\CGLib\CrystalPhysics\CrystalPhysicsCommand\CrystalPhysicsCommand.vcxproj", "{09EE8B6A-2D6F-4B9E-83FF-6A40D03BC465}"
EndProject
Project("{8BC9CEB8-8B4A-11D0-8D11-00A0C91BC942}") = "CrystalSpace", "..\CGLib\CrystalSpace\CrystalSpace\CrystalSpace.vcxproj", "{D2A606D5-8E40-4FC5-90EE-07B3A0F81383}"
EndProject
Project("{8BC9CEB8-8B4A-11D0-8D11-00A0C91BC942}") = "CrystalNumerics", "..\CGLib\CrystalNumerics\CrystalNumerics\CrystalNumerics.vcxproj", "{C4927D35-7611-4AFD-934A-DA114663BFB2}"
EndProject
Project("{8BC9CEB8-8B4A-11D0-8D11-00A0C91BC942}") = "CrystalPLI", "CrystalPLI\CrystalPLI.vcxproj", "{09688343-9C7D-4B37-825A-3A4AD8201EAE}"
EndProject
Project("{888888A0-9F3D-457C-B088-3A5042F75D52}") = "particle_fluids_test", "particle_fluids_test\particle_fluids_test.pyproj", "{6156F5C3-538A-424B-B9B9-2764446F5E67}"
EndProject
Project("{888888A0-9F3D-457C-B088-3A5042F75D52}") = "PythonLabelFileGenerator", "PythonLabelFileGenerator\PythonLabelFileGenerator.pyproj", "{D7827347-B8E9-4D35-B306-B778474DE904}"
EndProject
Project("{888888A0-9F3D-457C-B088-3A5042F75D52}") = "PythonLabelFileGeneratorTest", "PythonLabelFileGeneratorTest\PythonLabelFileGeneratorTest.pyproj", "{0F7BEA09-D087-47DF-B6CC-19D6585A025A}"
EndProject
Project("{8BC9CEB8-8B4A-11D0-8D11-00A0C91BC942}") = "CrystalSpaceCommand", "..\CGLib\CrystalSpace\CrystalSpaceCommand\CrystalSpaceCommand.vcxproj", "{33E8C184-64B2-410D-9AAB-C47917688DBB}"
EndProject
Project("{888888A0-9F3D-457C-B088-3A5042F75D52}") = "particle_fluids", "particle_fluids\particle_fluids.pyproj", "{75A5DAC9-0299-44E1-B8D0-C745B458D040}"
EndProject
Global
	GlobalSection(SolutionConfigurationPlatforms) = preSolution
		Debug|Any CPU = Debug|Any CPU
		Debug|x64 = Debug|x64
		Debug|x86 = Debug|x86
		MinSizeRel|Any CPU = MinSizeRel|Any CPU
		MinSizeRel|x64 = MinSizeRel|x64
		MinSizeRel|x86 = MinSizeRel|x86
		Release|Any CPU = Release|Any CPU
		Release|x64 = Release|x64
		Release|x86 = Release|x86
		RelWithDebInfo|Any CPU = RelWithDebInfo|Any CPU
		RelWithDebInfo|x64 = RelWithDebInfo|x64
		RelWithDebInfo|x86 = RelWithDebInfo|x86
	EndGlobalSection
	GlobalSection(ProjectConfigurationPlatforms) = postSolution
		{EF054C93-201B-4807-9285-CABC9C68978A}.Debug|Any CPU.ActiveCfg = Debug|Win32
		{EF054C93-201B-4807-9285-CABC9C68978A}.Debug|x64.ActiveCfg = Debug|x64
		{EF054C93-201B-4807-9285-CABC9C68978A}.Debug|x64.Build.0 = Debug|x64
		{EF054C93-201B-4807-9285-CABC9C68978A}.Debug|x86.ActiveCfg = Debug|Win32
		{EF054C93-201B-4807-9285-CABC9C68978A}.Debug|x86.Build.0 = Debug|Win32
		{EF054C93-201B-4807-9285-CABC9C68978A}.MinSizeRel|Any CPU.ActiveCfg = Release|x64
		{EF054C93-201B-4807-9285-CABC9C68978A}.MinSizeRel|Any CPU.Build.0 = Release|x64
		{EF054C93-201B-4807-9285-CABC9C68978A}.MinSizeRel|x64.ActiveCfg = Release|x64
		{EF054C93-201B-4807-9285-CABC9C68978A}.MinSizeRel|x64.Build.0 = Release|x64
		{EF054C93-201B-4807-9285-CABC9C68978A}.MinSizeRel|x86.ActiveCfg = Release|Win32
		{EF054C93-201B-4807-9285-CABC9C68978A}.MinSizeRel|x86.Build.0 = Release|Win32
		{EF054C93-201B-4807-9285-CABC9C68978A}.Release|Any CPU.ActiveCfg = Release|Win32
		{EF054C93-201B-4807-9285-CABC9C68978A}.Release|x64.ActiveCfg = Release|x64
		{EF054C93-201B-4807-9285-CABC9C68978A}.Release|x64.Build.0 = Release|x64
		{EF054C93-201B-4807-9285-CABC9C68978A}.Release|x86.ActiveCfg = Release|Win32
		{EF054C93-201B-4807-9285-CABC9C68978A}.Release|x86.Build.0 = Release|Win32
		{EF054C93-201B-4807-9285-CABC9C68978A}.RelWithDebInfo|Any CPU.ActiveCfg = Release|x64
		{EF054C93-201B-4807-9285-CABC9C68978A}.RelWithDebInfo|Any CPU.Build.0 = Release|x64
		{EF054C93-201B-4807-9285-CABC9C68978A}.RelWithDebInfo|x64.ActiveCfg = Release|x64
		{EF054C93-201B-4807-9285-CABC9C68978A}.RelWithDebInfo|x64.Build.0 = Release|x64
		{EF054C93-201B-4807-9285-CABC9C68978A}.RelWithDebInfo|x86.ActiveCfg = Release|Win32
		{EF054C93-201B-4807-9285-CABC9C68978A}.RelWithDebInfo|x86.Build.0 = Release|Win32
		{227E5411-92CB-4E30-A67B-043D8B04A9BC}.Debug|Any CPU.ActiveCfg = Debug|Win32
		{227E5411-92CB-4E30-A67B-043D8B04A9BC}.Debug|x64.ActiveCfg = Debug|x64
		{227E5411-92CB-4E30-A67B-043D8B04A9BC}.Debug|x64.Build.0 = Debug|x64
		{227E5411-92CB-4E30-A67B-043D8B04A9BC}.Debug|x86.ActiveCfg = Debug|Win32
		{227E5411-92CB-4E30-A67B-043D8B04A9BC}.Debug|x86.Build.0 = Debug|Win32
		{227E5411-92CB-4E30-A67B-043D8B04A9BC}.MinSizeRel|Any CPU.ActiveCfg = Release|x64
		{227E5411-92CB-4E30-A67B-043D8B04A9BC}.MinSizeRel|Any CPU.Build.0 = Release|x64
		{227E5411-92CB-4E30-A67B-043D8B04A9BC}.MinSizeRel|x64.ActiveCfg = Release|x64
		{227E5411-92CB-4E30-A67B-043D8B04A9BC}.MinSizeRel|x64.Build.0 = Release|x64
		{227E5411-92CB-4E30-A67B-043D8B04A9BC}.MinSizeRel|x86.ActiveCfg = Release|Win32
		{227E5411-92CB-4E30-A67B-043D8B04A9BC}.MinSizeRel|x86.Build.0 = Release|Win32
		{227E5411-92CB-4E30-A67B-043D8B04A9BC}.Release|Any CPU.ActiveCfg = Release|Win32
		{227E5411-92CB-4E30-A67B-043D8B04A9BC}.Release|x64.ActiveCfg = Release|x64
		{227E5411-92CB-4E30-A67B-043D8B04A9BC}.Release|x64.Build.0 = Release|x64
		{227E5411-92CB-4E30-A67B-043D8B04A9BC}.Release|x86.ActiveCfg = Release|Win32
		{227E5411-92CB-4E30-A67B-043D8B04A9BC}.Release|x86.Build.0 = Release|Win32
		{227E5411-92CB-4E30-A67B-043D8B04A9BC}.RelWithDebInfo|Any CPU.ActiveCfg = Release|x64
		{227E5411-92CB-4E30-A67B-043D8B04A9BC}.RelWithDebInfo|Any CPU.Build.0 = Release|x64
		{227E5411-92CB-4E30-A67B-043D8B04A9BC}.RelWithDebInfo|x64.ActiveCfg = Release|x64
		{227E5411-92CB-4E30-A67B-043D8B04A9BC}.RelWithDebInfo|x64.Build.0 = Release|x64
		{227E5411-92CB-4E30-A67B-043D8B04A9BC}.RelWithDebInfo|x86.ActiveCfg = Release|Win32
		{227E5411-92CB-4E30-A67B-043D8B04A9BC}.RelWithDebInfo|x86.Build.0 = Release|Win32
		{33BDCAB8-A30C-44B1-A93F-1AD3E15461AD}.Debug|Any CPU.ActiveCfg = Debug|Win32
		{33BDCAB8-A30C-44B1-A93F-1AD3E15461AD}.Debug|x64.ActiveCfg = Debug|x64
		{33BDCAB8-A30C-44B1-A93F-1AD3E15461AD}.Debug|x64.Build.0 = Debug|x64
		{33BDCAB8-A30C-44B1-A93F-1AD3E15461AD}.Debug|x86.ActiveCfg = Debug|Win32
		{33BDCAB8-A30C-44B1-A93F-1AD3E15461AD}.Debug|x86.Build.0 = Debug|Win32
		{33BDCAB8-A30C-44B1-A93F-1AD3E15461AD}.MinSizeRel|Any CPU.ActiveCfg = Release|x64
		{33BDCAB8-A30C-44B1-A93F-1AD3E15461AD}.MinSizeRel|Any CPU.Build.0 = Release|x64
		{33BDCAB8-A30C-44B1-A93F-1AD3E15461AD}.MinSizeRel|x64.ActiveCfg = Release|x64
		{33BDCAB8-A30C-44B1-A93F-1AD3E15461AD}.MinSizeRel|x64.Build.0 = Release|x64
		{33BDCAB8-A30C-44B1-A93F-1AD3E15461AD}.MinSizeRel|x86.ActiveCfg = Release|Win32
		{33BDCAB8-A30C-44B1-A93F-1AD3E15461AD}.MinSizeRel|x86.Build.0 = Release|Win32
		{33BDCAB8-A30C-44B1-A93F-1AD3E15461AD}.Release|Any CPU.ActiveCfg = Release|Win32
		{33BDCAB8-A30C-44B1-A93F-1AD3E15461AD}.Release|x64.ActiveCfg = Release|x64
		{33BDCAB8-A30C-44B1-A93F-1AD3E15461AD}.Release|x64.Build.0 = Release|x64
		{33BDCAB8-A30C-44B1-A93F-1AD3E15461AD}.Release|x86.ActiveCfg = Release|Win32
		{33BDCAB8-A30C-44B1-A93F-1AD3E15461AD}.Release|x86.Build.0 = Release|Win32
		{33BDCAB8-A30C-44B1-A93F-1AD3E15461AD}.RelWithDebInfo|Any CPU.ActiveCfg = Release|x64
		{33BDCAB8-A30C-44B1-A93F-1AD3E15461AD}.RelWithDebInfo|Any CPU.Build.0 = Release|x64
		{33BDCAB8-A30C-44B1-A93F-1AD3E15461AD}.RelWithDebInfo|x64.ActiveCfg = Release|x64
		{33BDCAB8-A30C-44B1-A93F-1AD3E15461AD}.RelWithDebInfo|x64.Build.0 = Release|x64
		{33BDCAB8-A30C-44B1-A93F-1AD3E15461AD}.RelWithDebInfo|x86.ActiveCfg = Release|Win32
		{33BDCAB8-A30C-44B1-A93F-1AD3E15461AD}.RelWithDebInfo|x86.Build.0 = Release|Win32
		{198160CC-5ED1-499D-AD45-90DBAC4852F8}.Debug|Any CPU.ActiveCfg = Debug|Win32
		{198160CC-5ED1-499D-AD45-90DBAC4852F8}.Debug|x64.ActiveCfg = Debug|x64
		{198160CC-5ED1-499D-AD45-90DBAC4852F8}.Debug|x64.Build.0 = Debug|x64
		{198160CC-5ED1-499D-AD45-90DBAC4852F8}.Debug|x86.ActiveCfg = Debug|Win32
		{198160CC-5ED1-499D-AD45-90DBAC4852F8}.Debug|x86.Build.0 = Debug|Win32
		{198160CC-5ED1-499D-AD45-90DBAC4852F8}.MinSizeRel|Any CPU.ActiveCfg = Release|x64
		{198160CC-5ED1-499D-AD45-90DBAC4852F8}.MinSizeRel|Any CPU.Build.0 = Release|x64
		{198160CC-5ED1-499D-AD45-90DBAC4852F8}.MinSizeRel|x64.ActiveCfg = Release|x64
		{198160CC-5ED1-499D-AD45-90DBAC4852F8}.MinSizeRel|x64.Build.0 = Release|x64
		{198160CC-5ED1-499D-AD45-90DBAC4852F8}.MinSizeRel|x86.ActiveCfg = Release|Win32
		{198160CC-5ED1-499D-AD45-90DBAC4852F8}.MinSizeRel|x86.Build.0 = Release|Win32
		{198160CC-5ED1-499D-AD45-90DBAC4852F8}.Release|Any CPU.ActiveCfg = Release|Win32
		{198160CC-5ED1-499D-AD45-90DBAC4852F8}.Release|x64.ActiveCfg = Release|x64
		{198160CC-5ED1-499D-AD45-90DBAC4852F8}.Release|x64.Build.0 = Release|x64
		{198160CC-5ED1-499D-AD45-90DBAC4852F8}.Release|x86.ActiveCfg = Release|Win32
		{198160CC-5ED1-499D-AD45-90DBAC4852F8}.Release|x86.Build.0 = Release|Win32
		{198160CC-5ED1-499D-AD45-90DBAC4852F8}.RelWithDebInfo|Any CPU.ActiveCfg = Release|x64
		{198160CC-5ED1-499D-AD45-90DBAC4852F8}.RelWithDebInfo|Any CPU.Build.0 = Release|x64
		{198160CC-5ED1-499D-AD45-90DBAC4852F8}.RelWithDebInfo|x64.ActiveCfg = Release|x64
		{198160CC-5ED1-499D-AD45-90DBAC4852F8}.RelWithDebInfo|x64.Build.0 = Release|x64
		{198160CC-5ED1-499D-AD45-90DBAC4852F8}.RelWithDebInfo|x86.ActiveCfg = Release|Win32
		{198160CC-5ED1-499D-AD45-90DBAC4852F8}.RelWithDebInfo|x86.Build.0 = Release|Win32
		{59C5EA30-1E57-417C-9416-17B592E8724E}.Debug|Any CPU.ActiveCfg = Debug|Win32
		{59C5EA30-1E57-417C-9416-17B592E8724E}.Debug|x64.ActiveCfg = Debug|x64
		{59C5EA30-1E57-417C-9416-17B592E8724E}.Debug|x64.Build.0 = Debug|x64
		{59C5EA30-1E57-417C-9416-17B592E8724E}.Debug|x86.ActiveCfg = Debug|Win32
		{59C5EA30-1E57-417C-9416-17B592E8724E}.Debug|x86.Build.0 = Debug|Win32
		{59C5EA30-1E57-417C-9416-17B592E8724E}.MinSizeRel|Any CPU.ActiveCfg = Release|x64
		{59C5EA30-1E57-417C-9416-17B592E8724E}.MinSizeRel|Any CPU.Build.0 = Release|x64
		{59C5EA30-1E57-417C-9416-17B592E8724E}.MinSizeRel|x64.ActiveCfg = Release|x64
		{59C5EA30-1E57-417C-9416-17B592E8724E}.MinSizeRel|x64.Build.0 = Release|x64
		{59C5EA30-1E57-417C-9416-17B592E8724E}.MinSizeRel|x86.ActiveCfg = Release|Win32
		{59C5EA30-1E57-417C-9416-17B592E8724E}.MinSizeRel|x86.Build.0 = Release|Win32
		{59C5EA30-1E57-417C-9416-17B592E8724E}.Release|Any CPU.ActiveCfg = Release|Win32
		{59C5EA30-1E57-417C-9416-17B592E8724E}.Release|x64.ActiveCfg = Release|x64
		{59C5EA30-1E57-417C-9416-17B592E8724E}.Release|x64.Build.0 = Release|x64
		{59C5EA30-1E57-417C-9416-17B592E8724E}.Release|x86.ActiveCfg = Release|Win32
		{59C5EA30-1E57-417C-9416-17B592E8724E}.Release|x86.Build.0 = Release|Win32
		{59C5EA30-1E57-417C-9416-17B592E8724E}.RelWithDebInfo|Any CPU.ActiveCfg = Release|x64
		{59C5EA30-1E57-417C-9416-17B592E8724E}.RelWithDebInfo|Any CPU.Build.0 = Release|x64
		{59C5EA30-1E57-417C-9416-17B592E8724E}.RelWithDebInfo|x64.ActiveCfg = Release|x64
		{59C5EA30-1E57-417C-9416-17B592E8724E}.RelWithDebInfo|x64.Build.0 = Release|x64
		{59C5EA30-1E57-417C-9416-17B592E8724E}.RelWithDebInfo|x86.ActiveCfg = Release|Win32
		{59C5EA30-1E57-417C-9416-17B592E8724E}.RelWithDebInfo|x86.Build.0 = Release|Win32
		{5A0D1CB7-6BE7-41A2-B061-431750E47BE0}.Debug|Any CPU.ActiveCfg = Debug|Win32
		{5A0D1CB7-6BE7-41A2-B061-431750E47BE0}.Debug|x64.ActiveCfg = Debug|x64
		{5A0D1CB7-6BE7-41A2-B061-431750E47BE0}.Debug|x64.Build.0 = Debug|x64
		{5A0D1CB7-6BE7-41A2-B061-431750E47BE0}.Debug|x86.ActiveCfg = Debug|Win32
		{5A0D1CB7-6BE7-41A2-B061-431750E47BE0}.Debug|x86.Build.0 = Debug|Win32
		{5A0D1CB7-6BE7-41A2-B061-431750E47BE0}.MinSizeRel|Any CPU.ActiveCfg = Release|x64
		{5A0D1CB7-6BE7-41A2-B061-431750E47BE0}.MinSizeRel|Any CPU.Build.0 = Release|x64
		{5A0D1CB7-6BE7-41A2-B061-431750E47BE0}.MinSizeRel|x64.ActiveCfg = Release|x64
		{5A0D1CB7-6BE7-41A2-B061-431750E47BE0}.MinSizeRel|x64.Build.0 = Release|x64
		{5A0D1CB7-6BE7-41A2-B061-431750E47BE0}.MinSizeRel|x86.ActiveCfg = Release|Win32
		{5A0D1CB7-6BE7-41A2-B061-431750E47BE0}.MinSizeRel|x86.Build.0 = Release|Win32
		{5A0D1CB7-6BE7-41A2-B061-431750E47BE0}.Release|Any CPU.ActiveCfg = Release|Win32
		{5A0D1CB7-6BE7-41A2-B061-431750E47BE0}.Release|x64.ActiveCfg = Release|x64
		{5A0D1CB7-6BE7-41A2-B061-431750E47BE0}.Release|x64.Build.0 = Release|x64
		{5A0D1CB7-6BE7-41A2-B061-431750E47BE0}.Release|x86.ActiveCfg = Release|Win32
		{5A0D1CB7-6BE7-41A2-B061-431750E47BE0}.Release|x86.Build.0 = Release|Win32
		{5A0D1CB7-6BE7-41A2-B061-431750E47BE0}.RelWithDebInfo|Any CPU.ActiveCfg = Release|x64
		{5A0D1CB7-6BE7-41A2-B061-431750E47BE0}.RelWithDebInfo|Any CPU.Build.0 = Release|x64
		{5A0D1CB7-6BE7-41A2-B061-431750E47BE0}.RelWithDebInfo|x64.ActiveCfg = Release|x64
		{5A0D1CB7-6BE7-41A2-B061-431750E47BE0}.RelWithDebInfo|x64.Build.0 = Release|x64
		{5A0D1CB7-6BE7-41A2-B061-431750E47BE0}.RelWithDebInfo|x86.ActiveCfg = Release|Win32
		{5A0D1CB7-6BE7-41A2-B061-431750E47BE0}.RelWithDebInfo|x86.Build.0 = Release|Win32
		{ED61B745-9F00-48C2-B309-F1DBB37F03E3}.Debug|Any CPU.ActiveCfg = Debug|Win32
		{ED61B745-9F00-48C2-B309-F1DBB37F03E3}.Debug|x64.ActiveCfg = Debug|x64
		{ED61B745-9F00-48C2-B309-F1DBB37F03E3}.Debug|x64.Build.0 = Debug|x64
		{ED61B745-9F00-48C2-B309-F1DBB37F03E3}.Debug|x86.ActiveCfg = Debug|Win32
		{ED61B745-9F00-48C2-B309-F1DBB37F03E3}.Debug|x86.Build.0 = Debug|Win32
		{ED61B745-9F00-48C2-B309-F1DBB37F03E3}.MinSizeRel|Any CPU.ActiveCfg = Release|x64
		{ED61B745-9F00-48C2-B309-F1DBB37F03E3}.MinSizeRel|Any CPU.Build.0 = Release|x64
		{ED61B745-9F00-48C2-B309-F1DBB37F03E3}.MinSizeRel|x64.ActiveCfg = Release|x64
		{ED61B745-9F00-48C2-B309-F1DBB37F03E3}.MinSizeRel|x64.Build.0 = Release|x64
		{ED61B745-9F00-48C2-B309-F1DBB37F03E3}.MinSizeRel|x86.ActiveCfg = Release|Win32
		{ED61B745-9F00-48C2-B309-F1DBB37F03E3}.MinSizeRel|x86.Build.0 = Release|Win32
		{ED61B745-9F00-48C2-B309-F1DBB37F03E3}.Release|Any CPU.ActiveCfg = Release|Win32
		{ED61B745-9F00-48C2-B309-F1DBB37F03E3}.Release|x64.ActiveCfg = Release|x64
		{ED61B745-9F00-48C2-B309-F1DBB37F03E3}.Release|x64.Build.0 = Release|x64
		{ED61B745-9F00-48C2-B309-F1DBB37F03E3}.Release|x86.ActiveCfg = Release|Win32
		{ED61B745-9F00-48C2-B309-F1DBB37F03E3}.Release|x86.Build.0 = Release|Win32
		{ED61B745-9F00-48C2-B309-F1DBB37F03E3}.RelWithDebInfo|Any CPU.ActiveCfg = Release|x64
		{ED61B745-9F00-48C2-B309-F1DBB37F03E3}.RelWithDebInfo|Any CPU.Build.0 = Release|x64
		{ED61B745-9F00-48C2-B309-F1DBB37F03E3}.RelWithDebInfo|x64.ActiveCfg = Release|x64
		{ED61B745-9F00-48C2-B309-F1DBB37F03E3}.RelWithDebInfo|x64.Build.0 = Release|x64
		{ED61B745-9F00-48C2-B309-F1DBB37F03E3}.RelWithDebInfo|x86.ActiveCfg = Release|Win32
		{ED61B745-9F00-48C2-B309-F1DBB37F03E3}.RelWithDebInfo|x86.Build.0 = Release|Win32
		{4C0EFD78-680E-45C9-9828-9B674EE70DF0}.Debug|Any CPU.ActiveCfg = Debug|Win32
		{4C0EFD78-680E-45C9-9828-9B674EE70DF0}.Debug|x64.ActiveCfg = Debug|x64
		{4C0EFD78-680E-45C9-9828-9B674EE70DF0}.Debug|x64.Build.0 = Debug|x64
		{4C0EFD78-680E-45C9-9828-9B674EE70DF0}.Debug|x86.ActiveCfg = Debug|Win32
		{4C0EFD78-680E-45C9-9828-9B674EE70DF0}.Debug|x86.Build.0 = Debug|Win32
		{4C0EFD78-680E-45C9-9828-9B674EE70DF0}.MinSizeRel|Any CPU.ActiveCfg = Release|x64
		{4C0EFD78-680E-45C9-9828-9B674EE70DF0}.MinSizeRel|Any CPU.Build.0 = Release|x64
		{4C0EFD78-680E-45C9-9828-9B674EE70DF0}.MinSizeRel|x64.ActiveCfg = Release|x64
		{4C0EFD78-680E-45C9-9828-9B674EE70DF0}.MinSizeRel|x64.Build.0 = Release|x64
		{4C0EFD78-680E-45C9-9828-9B674EE70DF0}.MinSizeRel|x86.ActiveCfg = Release|Win32
		{4C0EFD78-680E-45C9-9828-9B674EE70DF0}.MinSizeRel|x86.Build.0 = Release|Win32
		{4C0EFD78-680E-45C9-9828-9B674EE70DF0}.Release|Any CPU.ActiveCfg = Release|Win32
		{4C0EFD78-680E-45C9-9828-9B674EE70DF0}.Release|x64.ActiveCfg = Release|x64
		{4C0EFD78-680E-45C9-9828-9B674EE70DF0}.Release|x64.Build.0 = Release|x64
		{4C0EFD78-680E-45C9-9828-9B674EE70DF0}.Release|x86.ActiveCfg = Release|Win32
		{4C0EFD78-680E-45C9-9828-9B674EE70DF0}.Release|x86.Build.0 = Release|Win32
		{4C0EFD78-680E-45C9-9828-9B674EE70DF0}.RelWithDebInfo|Any CPU.ActiveCfg = Release|x64
		{4C0EFD78-680E-45C9-9828-9B674EE70DF0}.RelWithDebInfo|Any CPU.Build.0 = Release|x64
		{4C0EFD78-680E-45C9-9828-9B674EE70DF0}.RelWithDebInfo|x64.ActiveCfg = Release|x64
		{4C0EFD78-680E-45C9-9828-9B674EE70DF0}.RelWithDebInfo|x64.Build.0 = Release|x64
		{4C0EFD78-680E-45C9-9828-9B674EE70DF0}.RelWithDebInfo|x86.ActiveCfg = Release|Win32
		{4C0EFD78-680E-45C9-9828-9B674EE70DF0}.RelWithDebInfo|x86.Build.0 = Release|Win32
		{09EE8B6A-2D6F-4B9E-83FF-6A40D03BC465}.Debug|Any CPU.ActiveCfg = Debug|Win32
		{09EE8B6A-2D6F-4B9E-83FF-6A40D03BC465}.Debug|x64.ActiveCfg = Debug|x64
		{09EE8B6A-2D6F-4B9E-83FF-6A40D03BC465}.Debug|x64.Build.0 = Debug|x64
		{09EE8B6A-2D6F-4B9E-83FF-6A40D03BC465}.Debug|x86.ActiveCfg = Debug|Win32
		{09EE8B6A-2D6F-4B9E-83FF-6A40D03BC465}.Debug|x86.Build.0 = Debug|Win32
		{09EE8B6A-2D6F-4B9E-83FF-6A40D03BC465}.MinSizeRel|Any CPU.ActiveCfg = Release|x64
		{09EE8B6A-2D6F-4B9E-83FF-6A40D03BC465}.MinSizeRel|Any CPU.Build.0 = Release|x64
		{09EE8B6A-2D6F-4B9E-83FF-6A40D03BC465}.MinSizeRel|x64.ActiveCfg = Release|x64
		{09EE8B6A-2D6F-4B9E-83FF-6A40D03BC465}.MinSizeRel|x64.Build.0 = Release|x64
		{09EE8B6A-2D6F-4B9E-83FF-6A40D03BC465}.MinSizeRel|x86.ActiveCfg = Release|Win32
		{09EE8B6A-2D6F-4B9E-83FF-6A40D03BC465}.MinSizeRel|x86.Build.0 = Release|Win32
		{09EE8B6A-2D6F-4B9E-83FF-6A40D03BC465}.Release|Any CPU.ActiveCfg = Release|Win32
		{09EE8B6A-2D6F-4B9E-83FF-6A40D03BC465}.Release|x64.ActiveCfg = Release|x64
		{09EE8B6A-2D6F-4B9E-83FF-6A40D03BC465}.Release|x64.Build.0 = Release|x64
		{09EE8B6A-2D6F-4B9E-83FF-6A40D03BC465}.Release|x86.ActiveCfg = Release|Win32
		{09EE8B6A-2D6F-4B9E-83FF-6A40D03BC465}.Release|x86.Build.0 = Release|Win32
		{09EE8B6A-2D6F-4B9E-83FF-6A40D03BC465}.RelWithDebInfo|Any CPU.ActiveCfg = Release|x64
		{09EE8B6A-2D6F-4B9E-83FF-6A40D03BC465}.RelWithDebInfo|Any CPU.Build.0 = Release|x64
		{09EE8B6A-2D6F-4B9E-83FF-6A40D03BC465}.RelWithDebInfo|x64.ActiveCfg = Release|x64
		{09EE8B6A-2D6F-4B9E-83FF-6A40D03BC465}.RelWithDebInfo|x64.Build.0 = Release|x64
		{09EE8B6A-2D6F-4B9E-83FF-6A40D03BC465}.RelWithDebInfo|x86.ActiveCfg = Release|Win32
		{09EE8B6A-2D6F-4B9E-83FF-6A40D03BC465}.RelWithDebInfo|x86.Build.0 = Release|Win32
		{D2A606D5-8E40-4FC5-90EE-07B3A0F81383}.Debug|Any CPU.ActiveCfg = Debug|Win32
		{D2A606D5-8E40-4FC5-90EE-07B3A0F81383}.Debug|x64.ActiveCfg = Debug|x64
		{D2A606D5-8E40-4FC5-90EE-07B3A0F81383}.Debug|x64.Build.0 = Debug|x64
		{D2A606D5-8E40-4FC5-90EE-07B3A0F81383}.Debug|x86.ActiveCfg = Debug|Win32
		{D2A606D5-8E40-4FC5-90EE-07B3A0F81383}.Debug|x86.Build.0 = Debug|Win32
		{D2A606D5-8E40-4FC5-90EE-07B3A0F81383}.MinSizeRel|Any CPU.ActiveCfg = Release|x64
		{D2A606D5-8E40-4FC5-90EE-07B3A0F81383}.MinSizeRel|Any CPU.Build.0 = Release|x64
		{D2A606D5-8E40-4FC5-90EE-07B3A0F81383}.MinSizeRel|x64.ActiveCfg = Release|x64
		{D2A606D5-8E40-4FC5-90EE-07B3A0F81383}.MinSizeRel|x64.Build.0 = Release|x64
		{D2A606D5-8E40-4FC5-90EE-07B3A0F81383}.MinSizeRel|x86.ActiveCfg = Release|Win32
		{D2A606D5-8E40-4FC5-90EE-07B3A0F81383}.MinSizeRel|x86.Build.0 = Release|Win32
		{D2A606D5-8E40-4FC5-90EE-07B3A0F81383}.Release|Any CPU.ActiveCfg = Release|Win32
		{D2A606D5-8E40-4FC5-90EE-07B3A0F81383}.Release|x64.ActiveCfg = Release|x64
		{D2A606D5-8E40-4FC5-90EE-07B3A0F81383}.Release|x64.Build.0 = Release|x64
		{D2A606D5-8E40-4FC5-90EE-07B3A0F81383}.Release|x86.ActiveCfg = Release|Win32
		{D2A606D5-8E40-4FC5-90EE-07B3A0F81383}.Release|x86.Build.0 = Release|Win32
		{D2A606D5-8E40-4FC5-90EE-07B3A0F81383}.RelWithDebInfo|Any CPU.ActiveCfg = Release|x64
		{D2A606D5-8E40-4FC5-90EE-07B3A0F81383}.RelWithDebInfo|Any CPU.Build.0 = Release|x64
		{D2A606D5-8E40-4FC5-90EE-07B3A0F81383}.RelWithDebInfo|x64.ActiveCfg = Release|x64
		{D2A606D5-8E40-4FC5-90EE-07B3A0F81383}.RelWithDebInfo|x64.Build.0 = Release|x64
		{D2A606D5-8E40-4FC5-90EE-07B3A0F81383}.RelWithDebInfo|x86.ActiveCfg = Release|Win32
		{D2A606D5-8E40-4FC5-90EE-07B3A0F81383}.RelWithDebInfo|x86.Build.0 = Release|Win32
		{C4927D35-7611-4AFD-934A-DA114663BFB2}.Debug|Any CPU.ActiveCfg = Debug|Win32
		{C4927D35-7611-4AFD-934A-DA114663BFB2}.Debug|x64.ActiveCfg = Debug|x64
		{C4927D35-7611-4AFD-934A-DA114663BFB2}.Debug|x64.Build.0 = Debug|x64
		{C4927D35-7611-4AFD-934A-DA114663BFB2}.Debug|x86.ActiveCfg = Debug|Win32
		{C4927D35-7611-4AFD-934A-DA114663BFB2}.Debug|x86.Build.0 = Debug|Win32
		{C4927D35-7611-4AFD-934A-DA114663BFB2}.MinSizeRel|Any CPU.ActiveCfg = Release|x64
		{C4927D35-7611-4AFD-934A-DA114663BFB2}.MinSizeRel|Any CPU.Build.0 = Release|x64
		{C4927D35-7611-4AFD-934A-DA114663BFB2}.MinSizeRel|x64.ActiveCfg = Release|x64
		{C4927D35-7611-4AFD-934A-DA114663BFB2}.MinSizeRel|x64.Build.0 = Release|x64
		{C4927D35-7611-4AFD-934A-DA114663BFB2}.MinSizeRel|x86.ActiveCfg = Release|Win32
		{C4927D35-7611-4AFD-934A-DA114663BFB2}.MinSizeRel|x86.Build.0 = Release|Win32
		{C4927D35-7611-4AFD-934A-DA114663BFB2}.Release|Any CPU.ActiveCfg = Release|Win32
		{C4927D35-7611-4AFD-934A-DA114663BFB2}.Release|x64.ActiveCfg = Release|x64
		{C4927D35-7611-4AFD-934A-DA114663BFB2}.Release|x64.Build.0 = Release|x64
		{C4927D35-7611-4AFD-934A-DA114663BFB2}.Release|x86.ActiveCfg = Release|Win32
		{C4927D35-7611-4AFD-934A-DA114663BFB2}.Release|x86.Build.0 = Release|Win32
		{C4927D35-7611-4AFD-934A-DA114663BFB2}.RelWithDebInfo|Any CPU.ActiveCfg = Release|x64
		{C4927D35-7611-4AFD-934A-DA114663BFB2}.RelWithDebInfo|Any CPU.Build.0 = Release|x64
		{C4927D35-7611-4AFD-934A-DA114663BFB2}.RelWithDebInfo|x64.ActiveCfg = Release|x64
		{C4927D35-7611-4AFD-934A-DA114663BFB2}.RelWithDebInfo|x64.Build.0 = Release|x64
		{C4927D35-7611-4AFD-934A-DA114663BFB2}.RelWithDebInfo|x86.ActiveCfg = Release|Win32
		{C4927D35-7611-4AFD-934A-DA114663BFB2}.RelWithDebInfo|x86.Build.0 = Release|Win32
		{09688343-9C7D-4B37-825A-3A4AD8201EAE}.Debug|Any CPU.ActiveCfg = Debug|Win32
		{09688343-9C7D-4B37-825A-3A4AD8201EAE}.Debug|x64.ActiveCfg = Debug|x64
		{09688343-9C7D-4B37-825A-3A4AD8201EAE}.Debug|x64.Build.0 = Debug|x64
		{09688343-9C7D-4B37-825A-3A4AD8201EAE}.Debug|x86.ActiveCfg = Debug|Win32
		{09688343-9C7D-4B37-825A-3A4AD8201EAE}.Debug|x86.Build.0 = Debug|Win32
		{09688343-9C7D-4B37-825A-3A4AD8201EAE}.MinSizeRel|Any CPU.ActiveCfg = Release|x64
		{09688343-9C7D-4B37-825A-3A4AD8201EAE}.MinSizeRel|Any CPU.Build.0 = Release|x64
		{09688343-9C7D-4B37-825A-3A4AD8201EAE}.MinSizeRel|x64.ActiveCfg = Release|x64
		{09688343-9C7D-4B37-825A-3A4AD8201EAE}.MinSizeRel|x64.Build.0 = Release|x64
		{09688343-9C7D-4B37-825A-3A4AD8201EAE}.MinSizeRel|x86.ActiveCfg = Release|Win32
		{09688343-9C7D-4B37-825A-3A4AD8201EAE}.MinSizeRel|x86.Build.0 = Release|Win32
		{09688343-9C7D-4B37-825A-3A4AD8201EAE}.Release|Any CPU.ActiveCfg = Release|Win32
		{09688343-9C7D-4B37-825A-3A4AD8201EAE}.Release|x64.ActiveCfg = Release|x64
		{09688343-9C7D-4B37-825A-3A4AD8201EAE}.Release|x64.Build.0 = Release|x64
		{09688343-9C7D-4B37-825A-3A4AD8201EAE}.Release|x86.ActiveCfg = Release|Win32
		{09688343-9C7D-4B37-825A-3A4AD8201EAE}.Release|x86.Build.0 = Release|Win32
		{09688343-9C7D-4B37-825A-3A4AD8201EAE}.RelWithDebInfo|Any CPU.ActiveCfg = Release|x64
		{09688343-9C7D-4B37-825A-3A4AD8201EAE}.RelWithDebInfo|Any CPU.Build.0 = Release|x64
		{09688343-9C7D-4B37-825A-3A4AD8201EAE}.RelWithDebInfo|x64.ActiveCfg = Release|x64
		{09688343-9C7D-4B37-825A-3A4AD8201EAE}.RelWithDebInfo|x64.Build.0 = Release|x64
		{09688343-9C7D-4B37-825A-3A4AD8201EAE}.RelWithDebInfo|x86.ActiveCfg = Release|Win32
		{09688343-9C7D-4B37-825A-3A4AD8201EAE}.RelWithDebInfo|x86.Build.0 = Release|Win32
		{6156F5C3-538A-424B-B9B9-2764446F5E67}.Debug|Any CPU.ActiveCfg = Debug|Any CPU
		{6156F5C3-538A-424B-B9B9-2764446F5E67}.Debug|x64.ActiveCfg = Debug|Any CPU
		{6156F5C3-538A-424B-B9B9-2764446F5E67}.Debug|x86.ActiveCfg = Debug|Any CPU
		{6156F5C3-538A-424B-B9B9-2764446F5E67}.MinSizeRel|Any CPU.ActiveCfg = Release|Any CPU
		{6156F5C3-538A-424B-B9B9-2764446F5E67}.MinSizeRel|x64.ActiveCfg = Release|Any CPU
		{6156F5C3-538A-424B-B9B9-2764446F5E67}.MinSizeRel|x86.ActiveCfg = Release|Any CPU
		{6156F5C3-538A-424B-B9B9-2764446F5E67}.Release|Any CPU.ActiveCfg = Release|Any CPU
		{6156F5C3-538A-424B-B9B9-2764446F5E67}.Release|x64.ActiveCfg = Release|Any CPU
		{6156F5C3-538A-424B-B9B9-2764446F5E67}.Release|x86.ActiveCfg = Release|Any CPU
		{6156F5C3-538A-424B-B9B9-2764446F5E67}.RelWithDebInfo|Any CPU.ActiveCfg = Release|Any CPU
		{6156F5C3-538A-424B-B9B9-2764446F5E67}.RelWithDebInfo|x64.ActiveCfg = Release|Any CPU
		{6156F5C3-538A-424B-B9B9-2764446F5E67}.RelWithDebInfo|x86.ActiveCfg = Release|Any CPU
		{D7827347-B8E9-4D35-B306-B778474DE904}.Debug|Any CPU.ActiveCfg = Debug|Any CPU
		{D7827347-B8E9-4D35-B306-B778474DE904}.Debug|x64.ActiveCfg = Debug|Any CPU
		{D7827347-B8E9-4D35-B306-B778474DE904}.Debug|x86.ActiveCfg = Debug|Any CPU
		{D7827347-B8E9-4D35-B306-B778474DE904}.MinSizeRel|Any CPU.ActiveCfg = Debug|Any CPU
		{D7827347-B8E9-4D35-B306-B778474DE904}.MinSizeRel|x64.ActiveCfg = Debug|Any CPU
		{D7827347-B8E9-4D35-B306-B778474DE904}.MinSizeRel|x86.ActiveCfg = Debug|Any CPU
		{D7827347-B8E9-4D35-B306-B778474DE904}.Release|Any CPU.ActiveCfg = Release|Any CPU
		{D7827347-B8E9-4D35-B306-B778474DE904}.Release|x64.ActiveCfg = Release|Any CPU
		{D7827347-B8E9-4D35-B306-B778474DE904}.Release|x86.ActiveCfg = Release|Any CPU
		{D7827347-B8E9-4D35-B306-B778474DE904}.RelWithDebInfo|Any CPU.ActiveCfg = Release|Any CPU
		{D7827347-B8E9-4D35-B306-B778474DE904}.RelWithDebInfo|x64.ActiveCfg = Release|Any CPU
		{D7827347-B8E9-4D35-B306-B778474DE904}.RelWithDebInfo|x86.ActiveCfg = Release|Any CPU
		{0F7BEA09-D087-47DF-B6CC-19D6585A025A}.Debug|Any CPU.ActiveCfg = Debug|Any CPU
		{0F7BEA09-D087-47DF-B6CC-19D6585A025A}.Debug|x64.ActiveCfg = Debug|Any CPU
		{0F7BEA09-D087-47DF-B6CC-19D6585A025A}.Debug|x86.ActiveCfg = Debug|Any CPU
		{0F7BEA09-D087-47DF-B6CC-19D6585A025A}.MinSizeRel|Any CPU.ActiveCfg = Debug|Any CPU
		{0F7BEA09-D087-47DF-B6CC-19D6585A025A}.MinSizeRel|x64.ActiveCfg = Debug|Any CPU
		{0F7BEA09-D087-47DF-B6CC-19D6585A025A}.MinSizeRel|x86.ActiveCfg = Debug|Any CPU
		{0F7BEA09-D087-47DF-B6CC-19D6585A025A}.Release|Any CPU.ActiveCfg = Release|Any CPU
		{0F7BEA09-D087-47DF-B6CC-19D6585A025A}.Release|x64.ActiveCfg = Release|Any CPU
		{0F7BEA09-D087-47DF-B6CC-19D6585A025A}.Release|x86.ActiveCfg = Release|Any CPU
		{0F7BEA09-D087-47DF-B6CC-19D6585A025A}.RelWithDebInfo|Any CPU.ActiveCfg = Release|Any CPU
		{0F7BEA09-D087-47DF-B6CC-19D6585A025A}.RelWithDebInfo|x64.ActiveCfg = Release|Any CPU
		{0F7BEA09-D087-47DF-B6CC-19D6585A025A}.RelWithDebInfo|x86.ActiveCfg = Release|Any CPU
		{33E8C184-64B2-410D-9AAB-C47917688DBB}.Debug|Any CPU.ActiveCfg = Debug|Win32
		{33E8C184-64B2-410D-9AAB-C47917688DBB}.Debug|x64.ActiveCfg = Debug|x64
		{33E8C184-64B2-410D-9AAB-C47917688DBB}.Debug|x64.Build.0 = Debug|x64
		{33E8C184-64B2-410D-9AAB-C47917688DBB}.Debug|x86.ActiveCfg = Debug|Win32
		{33E8C184-64B2-410D-9AAB-C47917688DBB}.Debug|x86.Build.0 = Debug|Win32
		{33E8C184-64B2-410D-9AAB-C47917688DBB}.MinSizeRel|Any CPU.ActiveCfg = Debug|Win32
		{33E8C184-64B2-410D-9AAB-C47917688DBB}.MinSizeRel|Any CPU.Build.0 = Debug|Win32
		{33E8C184-64B2-410D-9AAB-C47917688DBB}.MinSizeRel|x64.ActiveCfg = Debug|x64
		{33E8C184-64B2-410D-9AAB-C47917688DBB}.MinSizeRel|x64.Build.0 = Debug|x64
		{33E8C184-64B2-410D-9AAB-C47917688DBB}.MinSizeRel|x86.ActiveCfg = Debug|Win32
		{33E8C184-64B2-410D-9AAB-C47917688DBB}.MinSizeRel|x86.Build.0 = Debug|Win32
		{33E8C184-64B2-410D-9AAB-C47917688DBB}.Release|Any CPU.ActiveCfg = Release|Win32
		{33E8C184-64B2-410D-9AAB-C47917688DBB}.Release|x64.ActiveCfg = Release|x64
		{33E8C184-64B2-410D-9AAB-C47917688DBB}.Release|x64.Build.0 = Release|x64
		{33E8C184-64B2-410D-9AAB-C47917688DBB}.Release|x86.ActiveCfg = Release|Win32
		{33E8C184-64B2-410D-9AAB-C47917688DBB}.Release|x86.Build.0 = Release|Win32
		{33E8C184-64B2-410D-9AAB-C47917688DBB}.RelWithDebInfo|Any CPU.ActiveCfg = Debug|Win32
		{33E8C184-64B2-410D-9AAB-C47917688DBB}.RelWithDebInfo|Any CPU.Build.0 = Debug|Win32
		{33E8C184-64B2-410D-9AAB-C47917688DBB}.RelWithDebInfo|x64.ActiveCfg = Release|x64
		{33E8C184-64B2-410D-9AAB-C47917688DBB}.RelWithDebInfo|x64.Build.0 = Release|x64
		{33E8C184-64B2-410D-9AAB-C47917688DBB}.RelWithDebInfo|x86.ActiveCfg = Release|Win32
		{33E8C184-64B2-410D-9AAB-C47917688DBB}.RelWithDebInfo|x86.Build.0 = Release|Win32
		{75A5DAC9-0299-44E1-B8D0-C745B458D040}.Debug|Any CPU.ActiveCfg = Debug|Any CPU
		{75A5DAC9-0299-44E1-B8D0-C745B458D040}.Debug|x64.ActiveCfg = Debug|Any CPU
		{75A5DAC9-0299-44E1-B8D0-C745B458D040}.Debug|x86.ActiveCfg = Debug|Any CPU
		{75A5DAC9-0299-44E1-B8D0-C745B458D040}.MinSizeRel|Any CPU.ActiveCfg = Debug|Any CPU
		{75A5DAC9-0299-44E1-B8D0-C745B458D040}.MinSizeRel|x64.ActiveCfg = Debug|Any CPU
		{75A5DAC9-0299-44E1-B8D0-C745B458D040}.MinSizeRel|x86.ActiveCfg = Debug|Any CPU
		{75A5DAC9-0299-44E1-B8D0-C745B458D040}.Release|Any CPU.ActiveCfg = Release|Any CPU
		{75A5DAC9-0299-44E1-B8D0-C745B458D040}.Release|x64.ActiveCfg = Release|Any CPU
		{75A5DAC9-0299-44E1-B8D0-C745B458D040}.Release|x86.ActiveCfg = Release|Any CPU
		{75A5DAC9-0299-44E1-B8D0-C745B458D040}.RelWithDebInfo|Any CPU.ActiveCfg = Release|Any CPU
		{75A5DAC9-0299-44E1-B8D0-C745B458D040}.RelWithDebInfo|x64.ActiveCfg = Release|Any CPU
		{75A5DAC9-0299-44E1-B8D0-C745B458D040}.RelWithDebInfo|x86.ActiveCfg = Release|Any CPU
	EndGlobalSection
	GlobalSection(SolutionProperties) = preSolution
		HideSolutionNode = FALSE
	EndGlobalSection
	GlobalSection(NestedProjects) = preSolution
		{EF054C93-201B-4807-9285-CABC9C68978A} = {B4537626-CA8F-448A-98CC-0F0FCD392AAD}
		{227E5411-92CB-4E30-A67B-043D8B04A9BC} = {B4537626-CA8F-448A-98CC-0F0FCD392AAD}
		{33BDCAB8-A30C-44B1-A93F-1AD3E15461AD} = {B4537626-CA8F-448A-98CC-0F0FCD392AAD}
		{198160CC-5ED1-499D-AD45-90DBAC4852F8} = {B4537626-CA8F-448A-98CC-0F0FCD392AAD}
		{59C5EA30-1E57-417C-9416-17B592E8724E} = {B4537626-CA8F-448A-98CC-0F0FCD392AAD}
		{5A0D1CB7-6BE7-41A2-B061-431750E47BE0} = {B4537626-CA8F-448A-98CC-0F0FCD392AAD}
		{ED61B745-9F00-48C2-B309-F1DBB37F03E3} = {B4537626-CA8F-448A-98CC-0F0FCD392AAD}
		{09EE8B6A-2D6F-4B9E-83FF-6A40D03BC465} = {B4537626-CA8F-448A-98CC-0F0FCD392AAD}
		{C4927D35-7611-4AFD-934A-DA114663BFB2} = {B4537626-CA8F-448A-98CC-0F0FCD392AAD}
		{33E8C184-64B2-410D-9AAB-C47917688DBB} = {B4537626-CA8F-448A-98CC-0F0FCD392AAD}
	EndGlobalSection
	GlobalSection(ExtensibilityGlobals) = postSolution
		SolutionGuid = {90482F15-2F21-4098-9B30-0F69A2766AFA}
	EndGlobalSection
EndGlobal
